{
    "_readme": [
        "This file locks the dependencies of your project to a known state",
        "Read more about it at https://getcomposer.org/doc/01-basic-usage.md#installing-dependencies",
        "This file is @generated automatically"
    ],
    "content-hash": "7063639959aab4b2a0ca0cb275c1e1de",
    "packages": [
        {
            "name": "codexpert/product",
            "version": "dev-master",
            "source": {
                "type": "git",
                "url": "https://bitbucket.org/codexpertio/codexpert-product.git",
                "reference": "b9c986055a429a61e785012e5aa8cf2c0c51743a"
            },
            "dist": {
                "type": "zip",
                "url": "https://bitbucket.org/codexpertio/codexpert-product/get/b9c986055a429a61e785012e5aa8cf2c0c51743a.zip",
                "reference": "b9c986055a429a61e785012e5aa8cf2c0c51743a",
                "shasum": ""
            },
            "require": {
                "php": ">=5.3.0"
            },
            "type": "library",
            "autoload": {
                "classmap": [
                    "src/"
                ]
            },
            "notification-url": "https://packagist.org/downloads/",
            "license": [
                "GPL-3.0-or-later"
            ],
            "authors": [
                {
                    "name": "codexpert",
                    "email": "hello@codexpert.io",
                    "homepage": "https://codexpert.io",
                    "role": "Developer"
                }
            ],
            "description": "Product management for codexpert",
            "homepage": "https://bitbucket.org/codexpertio/codexpert-product",
            "keywords": [
                "codexpert",
                "product"
            ],
            "time": "2021-03-15T03:42:34+00:00"
        }
    ],
    "packages-dev": [],
    "aliases": [],
    "minimum-stability": "stable",
    "stability-flags": {
        "codexpert/product": 20
    },
    "prefer-stable": false,
    "prefer-lowest": false,
    "platform": [],
    "platform-dev": [],
    "plugin-api-version": "1.1.0"
}
